<?xml version="1.0" encoding="utf-8"?>
<Project ToolsVersion="4.0" xmlns="http://schemas.microsoft.com/developer/msbuild/2003">
  <ItemGroup>
    <Filter Include="source">
      <UniqueIdentifier>{0eb4e0af-dc4c-4340-b0d0-f124899f4996}</UniqueIdentifier>
    </Filter>
    <Filter Include="source\Game">
      <UniqueIdentifier>{40c95214-939a-4446-b5ea-2d8367505537}</UniqueIdentifier>
    </Filter>
    <Filter Include="source\Game\Listener">
      <UniqueIdentifier>{53d359d8-eb3b-425b-8391-748ebed221fd}</UniqueIdentifier>
    </Filter>
    <Filter Include="source\Logic">
      <UniqueIdentifier>{1da137f6-d31a-4eae-a647-e0d6d32c8aeb}</UniqueIdentifier>
    </Filter>
    <Filter Include="source\Logic\Physical">
      <UniqueIdentifier>{c6064283-91a9-4b0f-a79d-d54b778b14c0}</UniqueIdentifier>
    </Filter>
    <Filter Include="source\Logic\Actor">
      <UniqueIdentifier>{b12f9687-4bdf-4fbe-af18-6e2dabb81de7}</UniqueIdentifier>
    </Filter>
    <Filter Include="source\Logic\Enemy">
      <UniqueIdentifier>{892ea73d-683d-4d70-9945-3f085a565ee9}</UniqueIdentifier>
    </Filter>
    <Filter Include="source\Logic\Player">
      <UniqueIdentifier>{ba050d1b-09d2-402f-bb79-1a69aa5dfc36}</UniqueIdentifier>
    </Filter>
    <Filter Include="source\Factory">
      <UniqueIdentifier>{09c7e02f-50cc-41fd-830c-0c1c15fd89c2}</UniqueIdentifier>
    </Filter>
    <Filter Include="notes">
      <UniqueIdentifier>{81b2c9ed-5a5f-4ed4-bd91-6614767066e0}</UniqueIdentifier>
    </Filter>
    <Filter Include="source\Logic\Bullet">
      <UniqueIdentifier>{8163ff4a-834b-4aa2-af88-576a7ac35f8f}</UniqueIdentifier>
    </Filter>
    <Filter Include="Robot">
      <UniqueIdentifier>{42773f1a-8608-4b11-a76c-6932a8ac56f9}</UniqueIdentifier>
    </Filter>
    <Filter Include="Rendering">
      <UniqueIdentifier>{3bf82a20-7f7b-4032-b8ed-75e0eedb9422}</UniqueIdentifier>
    </Filter>
    <Filter Include="Rendering\Displayable">
      <UniqueIdentifier>{4c3d0724-e12c-4631-ae5f-9d8465808c6e}</UniqueIdentifier>
    </Filter>
    <Filter Include="Rendering\Animations">
      <UniqueIdentifier>{eec8d5ec-c0e2-47e0-afa0-a96e47f86c7b}</UniqueIdentifier>
    </Filter>
    <Filter Include="Rendering\Drawable">
      <UniqueIdentifier>{dfad3477-2207-4d48-8cc0-fc30ec9501a6}</UniqueIdentifier>
    </Filter>
    <Filter Include="ResourceManager">
      <UniqueIdentifier>{66bd0702-9abe-47fe-99ac-aaaa1a9f9611}</UniqueIdentifier>
    </Filter>
    <Filter Include="Utilities">
      <UniqueIdentifier>{350f56ed-5c9d-45e1-aea2-3ebbab206dc4}</UniqueIdentifier>
    </Filter>
    <Filter Include="Utilities\Singleton">
      <UniqueIdentifier>{0afbd017-982c-4dca-9200-ff4185c77198}</UniqueIdentifier>
    </Filter>
    <Filter Include="Utilities\StringUtils">
      <UniqueIdentifier>{d8c512e5-2589-40c4-a271-ed94293c4c6f}</UniqueIdentifier>
    </Filter>
    <Filter Include="Utilities\TimeUtilities">
      <UniqueIdentifier>{076702df-ffb2-4bdf-87a0-e29b2ce8624e}</UniqueIdentifier>
    </Filter>
    <Filter Include="Weather">
      <UniqueIdentifier>{c44c4166-ed0e-43ca-9c37-b4e658731f0b}</UniqueIdentifier>
    </Filter>
    <Filter Include="XML">
      <UniqueIdentifier>{d9f6a3a4-5a6a-4a78-ac8e-f97e00ce8a26}</UniqueIdentifier>
    </Filter>
    <Filter Include="XML\RapidXML">
      <UniqueIdentifier>{61fe123d-d41d-4502-af85-3b0334c509c5}</UniqueIdentifier>
    </Filter>
    <Filter Include="source\Logic\Flora">
      <UniqueIdentifier>{e34bf54b-72d4-4deb-a85b-a1157baa7ee9}</UniqueIdentifier>
    </Filter>
  </ItemGroup>
  <ItemGroup>
    <ClCompile Include="source\ResourceManager\CFont.cpp">
      <Filter>ResourceManager</Filter>
    </ClCompile>
    <ClCompile Include="source\ResourceManager\CMusic.cpp">
      <Filter>ResourceManager</Filter>
    </ClCompile>
    <ClCompile Include="source\ResourceManager\CResourceManager.cpp">
      <Filter>ResourceManager</Filter>
    </ClCompile>
    <ClCompile Include="source\ResourceManager\CSound.cpp">
      <Filter>ResourceManager</Filter>
    </ClCompile>
    <ClCompile Include="source\ResourceManager\CTexture.cpp">
      <Filter>ResourceManager</Filter>
    </ClCompile>
    <ClCompile Include="source\ResourceManager\IResource.cpp">
      <Filter>ResourceManager</Filter>
    </ClCompile>
    <ClCompile Include="source\Utilities\Singleton\CSingletonCleaner.cpp">
      <Filter>Utilities\Singleton</Filter>
    </ClCompile>
    <ClCompile Include="source\Utilities\StringUtils\StringUtils.cpp">
      <Filter>Utilities\StringUtils</Filter>
    </ClCompile>
    <ClCompile Include="source\Utilities\TimeUtilities\CClock.cpp">
      <Filter>Utilities\TimeUtilities</Filter>
    </ClCompile>
    <ClCompile Include="source\Utilities\TimeUtilities\CFPS.cpp">
      <Filter>Utilities\TimeUtilities</Filter>
    </ClCompile>
    <ClCompile Include="source\XML\CXml.cpp">
      <Filter>XML</Filter>
    </ClCompile>
    <ClCompile Include="source\Rendering\Displayable\CDisplayable.cpp">
      <Filter>Rendering\Displayable</Filter>
    </ClCompile>
    <ClCompile Include="source\Rendering\Displayable\CSprite.cpp">
      <Filter>Rendering\Displayable</Filter>
    </ClCompile>
    <ClCompile Include="source\Rendering\Animations\CAnimation.cpp">
      <Filter>Rendering\Animations</Filter>
    </ClCompile>
    <ClCompile Include="source\Rendering\Animations\CAnimationFrame.cpp">
      <Filter>Rendering\Animations</Filter>
    </ClCompile>
    <ClCompile Include="source\Rendering\Animations\CAnimationManager.cpp">
      <Filter>Rendering\Animations</Filter>
    </ClCompile>
    <ClCompile Include="source\Rendering\Animations\CAnimationState.cpp">
      <Filter>Rendering\Animations</Filter>
    </ClCompile>
    <ClCompile Include="source\Rendering\Animations\CAnimSet.cpp">
      <Filter>Rendering\Animations</Filter>
    </ClCompile>
    <ClCompile Include="source\Rendering\Animations\CNameAnimPairTranslator.cpp">
      <Filter>Rendering\Animations</Filter>
    </ClCompile>
    <ClCompile Include="source\Rendering\Animations\CTimedAnimationFrame.cpp">
      <Filter>Rendering\Animations</Filter>
    </ClCompile>
    <ClCompile Include="source\Rendering\Drawable\CDrawableManager.cpp">
      <Filter>Rendering\Drawable</Filter>
    </ClCompile>
    <ClCompile Include="source\Rendering\Drawable\IDrawable.cpp">
      <Filter>Rendering\Drawable</Filter>
    </ClCompile>
    <ClCompile Include="source\Game\CGame.cpp">
      <Filter>source\Game</Filter>
    </ClCompile>
    <ClCompile Include="source\Game\CGameProperties.cpp">
      <Filter>source\Game</Filter>
    </ClCompile>
    <ClCompile Include="source\Logic\Physical\CPhysical.cpp">
      <Filter>source\Logic\Physical</Filter>
    </ClCompile>
    <ClCompile Include="source\Logic\Actor\CActor.cpp">
      <Filter>source\Logic\Actor</Filter>
    </ClCompile>
    <ClCompile Include="source\Logic\Enemy\CEnemy.cpp">
      <Filter>source\Logic\Enemy</Filter>
    </ClCompile>
    <ClCompile Include="source\Logic\Player\CPlayer.cpp">
      <Filter>source\Logic\Player</Filter>
    </ClCompile>
    <ClCompile Include="source\Weather\CWeather.cpp">
      <Filter>Weather</Filter>
    </ClCompile>
    <ClCompile Include="source\Factory\CActorTemplate.cpp">
      <Filter>source\Factory</Filter>
    </ClCompile>
    <ClCompile Include="source\Factory\CEnemyTemplate.cpp">
      <Filter>source\Factory</Filter>
    </ClCompile>
    <ClCompile Include="source\Factory\CPhysicalTemplate.cpp">
      <Filter>source\Factory</Filter>
    </ClCompile>
    <ClCompile Include="source\Factory\CPlayerTemplate.cpp">
      <Filter>source\Factory</Filter>
    </ClCompile>
    <ClCompile Include="source\Logic\Bullet\CBullet.cpp">
      <Filter>source\Logic\Bullet</Filter>
    </ClCompile>
    <ClCompile Include="source\Factory\CBulletTemplate.cpp">
      <Filter>source\Factory</Filter>
    </ClCompile>
    <ClCompile Include="source\Logic\CLogic.cpp" />
    <ClCompile Include="source\Logic\CPhysicalManager.cpp" />
    <ClCompile Include="source\main.cpp" />
    <ClCompile Include="CRobot.cpp">
      <Filter>Robot</Filter>
    </ClCompile>
    <ClCompile Include="source\Map\CMapObjectType.cpp" />
    <ClCompile Include="source\Map\CMapObjectDescriptor.cpp" />
    <ClCompile Include="source\Map\CMapa.cpp" />
    <ClCompile Include="source\Logic\Flora\CFlora.cpp" />
    <ClCompile Include="source\Factory\CFloraTemplate.cpp">
      <Filter>source\Factory</Filter>
    </ClCompile>
  </ItemGroup>
  <ItemGroup>
    <ClInclude Include="source\ResourceManager\CFont.h">
      <Filter>ResourceManager</Filter>
    </ClInclude>
    <ClInclude Include="source\ResourceManager\CMusic.h">
      <Filter>ResourceManager</Filter>
    </ClInclude>
    <ClInclude Include="source\ResourceManager\CResourceManager.h">
      <Filter>ResourceManager</Filter>
    </ClInclude>
    <ClInclude Include="source\ResourceManager\CSound.h">
      <Filter>ResourceManager</Filter>
    </ClInclude>
    <ClInclude Include="source\ResourceManager\CTexture.h">
      <Filter>ResourceManager</Filter>
    </ClInclude>
    <ClInclude Include="source\ResourceManager\IResource.h">
      <Filter>ResourceManager</Filter>
    </ClInclude>
    <ClInclude Include="source\Utilities\Singleton\CSingleton.h">
      <Filter>Utilities\Singleton</Filter>
    </ClInclude>
    <ClInclude Include="source\Utilities\Singleton\CSingletonCleaner.h">
      <Filter>Utilities\Singleton</Filter>
    </ClInclude>
    <ClInclude Include="source\Utilities\Singleton\ICleanupable.h">
      <Filter>Utilities\Singleton</Filter>
    </ClInclude>
    <ClInclude Include="source\Utilities\StringUtils\StringUtils.h">
      <Filter>Utilities\StringUtils</Filter>
    </ClInclude>
    <ClInclude Include="source\Utilities\TimeUtilities\CClock.h">
      <Filter>Utilities\TimeUtilities</Filter>
    </ClInclude>
    <ClInclude Include="source\Utilities\TimeUtilities\CFPS.h">
      <Filter>Utilities\TimeUtilities</Filter>
    </ClInclude>
    <ClInclude Include="source\Utilities\TimeUtilities\CPausableClock.h">
      <Filter>Utilities\TimeUtilities</Filter>
    </ClInclude>
    <ClInclude Include="source\XML\CXml.h">
      <Filter>XML</Filter>
    </ClInclude>
    <ClInclude Include="source\XML\RapidXML\rapidxml.hpp">
      <Filter>XML\RapidXML</Filter>
    </ClInclude>
    <ClInclude Include="source\XML\RapidXML\rapidxml_iterators.hpp">
      <Filter>XML\RapidXML</Filter>
    </ClInclude>
    <ClInclude Include="source\XML\RapidXML\rapidxml_print.hpp">
      <Filter>XML\RapidXML</Filter>
    </ClInclude>
    <ClInclude Include="source\XML\RapidXML\rapidxml_utils.hpp">
      <Filter>XML\RapidXML</Filter>
    </ClInclude>
    <ClInclude Include="source\Rendering\Displayable\CDisplayable.h">
      <Filter>Rendering\Displayable</Filter>
    </ClInclude>
    <ClInclude Include="source\Rendering\Displayable\CSprite.h">
      <Filter>Rendering\Displayable</Filter>
    </ClInclude>
    <ClInclude Include="source\Rendering\Animations\CAnimation.h">
      <Filter>Rendering\Animations</Filter>
    </ClInclude>
    <ClInclude Include="source\Rendering\Animations\CAnimationFrame.h">
      <Filter>Rendering\Animations</Filter>
    </ClInclude>
    <ClInclude Include="source\Rendering\Animations\CAnimationManager.h">
      <Filter>Rendering\Animations</Filter>
    </ClInclude>
    <ClInclude Include="source\Rendering\Animations\CAnimationState.h">
      <Filter>Rendering\Animations</Filter>
    </ClInclude>
    <ClInclude Include="source\Rendering\Animations\CAnimSet.h">
      <Filter>Rendering\Animations</Filter>
    </ClInclude>
    <ClInclude Include="source\Rendering\Animations\CNameAnimPairTranslator.h">
      <Filter>Rendering\Animations</Filter>
    </ClInclude>
    <ClInclude Include="source\Rendering\Animations\CTimedAnimationFrame.h">
      <Filter>Rendering\Animations</Filter>
    </ClInclude>
    <ClInclude Include="source\Rendering\Animations\EAnimHandler.h">
      <Filter>Rendering\Animations</Filter>
    </ClInclude>
    <ClInclude Include="source\Rendering\Drawable\CDrawableManager.h">
      <Filter>Rendering\Drawable</Filter>
    </ClInclude>
    <ClInclude Include="source\Rendering\Drawable\IDrawable.h">
      <Filter>Rendering\Drawable</Filter>
    </ClInclude>
    <ClInclude Include="source\Rendering\Drawable\Layers.h">
      <Filter>Rendering\Drawable</Filter>
    </ClInclude>
    <ClInclude Include="source\Game\CGame.h">
      <Filter>source\Game</Filter>
    </ClInclude>
    <ClInclude Include="source\Game\CGameProperties.h">
      <Filter>source\Game</Filter>
    </ClInclude>
    <ClInclude Include="source\Game\Listener\IFrameListener.h">
      <Filter>source\Game\Listener</Filter>
    </ClInclude>
    <ClInclude Include="source\Game\Listener\IKeyListener.h">
      <Filter>source\Game\Listener</Filter>
    </ClInclude>
    <ClInclude Include="source\Game\Listener\IMouseListener.h">
      <Filter>source\Game\Listener</Filter>
    </ClInclude>
    <ClInclude Include="source\Logic\Physical\CPhysical.h">
      <Filter>source\Logic\Physical</Filter>
    </ClInclude>
    <ClInclude Include="source\Logic\Physical\ECollisionShape.h">
      <Filter>source\Logic\Physical</Filter>
    </ClInclude>
    <ClInclude Include="source\Logic\Physical\EPhysicalPart.h">
      <Filter>source\Logic\Physical</Filter>
    </ClInclude>
    <ClInclude Include="source\Logic\Actor\CActor.h">
      <Filter>source\Logic\Actor</Filter>
    </ClInclude>
    <ClInclude Include="source\Logic\Enemy\CEnemy.h">
      <Filter>source\Logic\Enemy</Filter>
    </ClInclude>
    <ClInclude Include="source\Logic\Player\CPlayer.h">
      <Filter>source\Logic\Player</Filter>
    </ClInclude>
    <ClInclude Include="source\Weather\CWeather.h">
      <Filter>Weather</Filter>
    </ClInclude>
    <ClInclude Include="source\Factory\CActorTemplate.h">
      <Filter>source\Factory</Filter>
    </ClInclude>
    <ClInclude Include="source\Factory\CEnemyTemplate.h">
      <Filter>source\Factory</Filter>
    </ClInclude>
    <ClInclude Include="source\Factory\CPhysicalTemplate.h">
      <Filter>source\Factory</Filter>
    </ClInclude>
    <ClInclude Include="source\Factory\CPlayerTemplate.h">
      <Filter>source\Factory</Filter>
    </ClInclude>
    <ClInclude Include="source\Logic\Bullet\CBullet.h">
      <Filter>source\Logic\Bullet</Filter>
    </ClInclude>
    <ClInclude Include="source\Factory\CBulletTemplate.h">
      <Filter>source\Factory</Filter>
    </ClInclude>
    <ClInclude Include="source\Logic\CLogic.h" />
    <ClInclude Include="source\Logic\CPhysicalManager.h" />
    <ClInclude Include="CRobot.h">
      <Filter>Robot</Filter>
    </ClInclude>
    <ClInclude Include="source\Map\MapHeader.h" />
    <ClInclude Include="source\Map\CMapObjectType.h" />
    <ClInclude Include="source\Map\CMapObjectDescriptor.h" />
    <ClInclude Include="source\Map\CMapa.h" />
    <ClInclude Include="source\Logic\Flora\CFlora.h" />
    <ClInclude Include="source\Factory\CFloraTemplate.h">
      <Filter>source\Factory</Filter>
    </ClInclude>
  </ItemGroup>
  <ItemGroup>
    <None Include="notes\notes.txt">
      <Filter>notes</Filter>
    </None>
  </ItemGroup>
</Project>